<?xml version="1.0" encoding="utf-8"?>
<Project ToolsVersion="4.0" xmlns="http://schemas.microsoft.com/developer/msbuild/2003">
  <ItemGroup>
    <Filter Include="소스 파일">
      <UniqueIdentifier>{4FC737F1-C7A5-4376-A066-2A32D752A2FF}</UniqueIdentifier>
      <Extensions>cpp;c;cc;cxx;def;odl;idl;hpj;bat;asm;asmx</Extensions>
    </Filter>
    <Filter Include="헤더 파일">
      <UniqueIdentifier>{93995380-89BD-4b04-88EB-625FBE52EBFB}</UniqueIdentifier>
      <Extensions>h;hh;hpp;hxx;hm;inl;inc;ipp;xsd</Extensions>
    </Filter>
    <Filter Include="리소스 파일">
      <UniqueIdentifier>{67DA6AB6-F800-4c08-8B7A-83BB121AAD01}</UniqueIdentifier>
      <Extensions>rc;ico;cur;bmp;dlg;rc2;rct;bin;rgs;gif;jpg;jpeg;jpe;resx;tiff;tif;png;wav;mfcribbon-ms</Extensions>
    </Filter>
    <Filter Include="Enemy">
      <UniqueIdentifier>{658c9cad-c361-4c75-b59d-304be6d5c271}</UniqueIdentifier>
    </Filter>
    <Filter Include="Game">
      <UniqueIdentifier>{044ddae3-afea-48e8-a438-bf8f25743c12}</UniqueIdentifier>
    </Filter>
    <Filter Include="GameObject">
      <UniqueIdentifier>{0e7a8e04-31df-4856-9c0d-009b2773a7a1}</UniqueIdentifier>
    </Filter>
    <Filter Include="LoaderParams">
      <UniqueIdentifier>{fa9f3938-3701-4f3c-9e20-caa964d4ea37}</UniqueIdentifier>
    </Filter>
    <Filter Include="Player">
      <UniqueIdentifier>{e6cca195-b02e-4186-89e2-1de133e1fc0f}</UniqueIdentifier>
    </Filter>
    <Filter Include="SDLGameObject">
      <UniqueIdentifier>{3adbc234-c5a8-459d-9256-959ac8e1e56b}</UniqueIdentifier>
    </Filter>
    <Filter Include="TextrueManager">
      <UniqueIdentifier>{f59a1aaf-07e8-4966-840d-988f92e11b52}</UniqueIdentifier>
    </Filter>
    <Filter Include="Vector2D">
      <UniqueIdentifier>{5d8323dc-76e7-4666-8dbf-2c89f4c2e735}</UniqueIdentifier>
    </Filter>
    <Filter Include="InputHandler">
      <UniqueIdentifier>{2c4ce27c-0c6e-4cb8-8967-426fa2d75c41}</UniqueIdentifier>
    </Filter>
  </ItemGroup>
  <ItemGroup>
    <ClCompile Include="main.cpp">
      <Filter>소스 파일</Filter>
    </ClCompile>
    <ClCompile Include="Enemy.cpp">
      <Filter>Enemy</Filter>
    </ClCompile>
    <ClCompile Include="Game.cpp">
      <Filter>Game</Filter>
    </ClCompile>
    <ClCompile Include="GameObject.cpp">
      <Filter>GameObject</Filter>
    </ClCompile>
    <ClCompile Include="Player.cpp">
      <Filter>Player</Filter>
    </ClCompile>
    <ClCompile Include="SDLGameObject.cpp">
      <Filter>SDLGameObject</Filter>
    </ClCompile>
    <ClCompile Include="TextureManager.cpp">
      <Filter>TextrueManager</Filter>
    </ClCompile>
    <ClCompile Include="InputHandler.cpp">
      <Filter>InputHandler</Filter>
    </ClCompile>
  </ItemGroup>
  <ItemGroup>
    <ClInclude Include="Enemy.h">
      <Filter>Enemy</Filter>
    </ClInclude>
    <ClInclude Include="Game.h">
      <Filter>Game</Filter>
    </ClInclude>
    <ClInclude Include="GameObject.h">
      <Filter>GameObject</Filter>
    </ClInclude>
    <ClInclude Include="LoaderParams.h">
      <Filter>LoaderParams</Filter>
    </ClInclude>
    <ClInclude Include="Player.h">
      <Filter>Player</Filter>
    </ClInclude>
    <ClInclude Include="SDLGameObject.h">
      <Filter>SDLGameObject</Filter>
    </ClInclude>
    <ClInclude Include="TextureManager.h">
      <Filter>TextrueManager</Filter>
    </ClInclude>
    <ClInclude Include="Vector2D.h">
      <Filter>Vector2D</Filter>
    </ClInclude>
    <ClInclude Include="InputHandler.h">
      <Filter>InputHandler</Filter>
    </ClInclude>
  </ItemGroup>
</Project>